
Microsoft Visual Studio Solution File, Format Version 12.00
# Visual Studio Version 17
VisualStudioVersion = 17.5.002.0
MinimumVisualStudioVersion = 10.0.40219.1
Project("{9A19103F-16F7-4668-BE54-9A1E7A4F7556}") = "EF009.BasicSetup", "EF009.BasicSetup.csproj", "{F25BC056-A842-488C-816C-F93D4B91A9C1}"
EndProject
Global
	GlobalSection(SolutionConfigurationPlatforms) = preSolution
		Debug|Any CPU = Debug|Any CPU
		Release|Any CPU = Release|Any CPU
	EndGlobalSection
	GlobalSection(ProjectConfigurationPlatforms) = postSolution
		{F25BC056-A842-488C-816C-F93D4B91A9C1}.Debug|Any CPU.ActiveCfg = Debug|Any CPU
		{F25BC056-A842-488C-816C-F93D4B91A9C1}.Debug|Any CPU.Build.0 = Debug|Any CPU
		{F25BC056-A842-488C-816C-F93D4B91A9C1}.Release|Any CPU.ActiveCfg = Release|Any CPU
		{F25BC056-A842-488C-816C-F93D4B91A9C1}.Release|Any CPU.Build.0 = Release|Any CPU
	EndGlobalSection
	GlobalSection(SolutionProperties) = preSolution
		HideSolutionNode = FALSE
	EndGlobalSection
	GlobalSection(ExtensibilityGlobals) = postSolution
		SolutionGuid = {49E993FF-5A62-4EDE-B076-B0CF3E5D0CF4}
	EndGlobalSection
EndGlobal
