
Microsoft Visual Studio Solution File, Format Version 12.00
# Visual Studio Version 17
VisualStudioVersion = 17.8.34525.116
MinimumVisualStudioVersion = 10.0.40219.1
Project("{9A19103F-16F7-4668-BE54-9A1E7A4F7556}") = "EF012.CodeFirstMigration", "EF010.IntitialMigration\EF012.CodeFirstMigration.csproj", "{18C342C3-2DC0-4786-8266-FE02A2816021}"
EndProject
Global
	GlobalSection(SolutionConfigurationPlatforms) = preSolution
		Debug|Any CPU = Debug|Any CPU
		Release|Any CPU = Release|Any CPU
	EndGlobalSection
	GlobalSection(ProjectConfigurationPlatforms) = postSolution
		{18C342C3-2DC0-4786-8266-FE02A2816021}.Debug|Any CPU.ActiveCfg = Debug|Any CPU
		{18C342C3-2DC0-4786-8266-FE02A2816021}.Debug|Any CPU.Build.0 = Debug|Any CPU
		{18C342C3-2DC0-4786-8266-FE02A2816021}.Release|Any CPU.ActiveCfg = Release|Any CPU
		{18C342C3-2DC0-4786-8266-FE02A2816021}.Release|Any CPU.Build.0 = Release|Any CPU
	EndGlobalSection
	GlobalSection(SolutionProperties) = preSolution
		HideSolutionNode = FALSE
	EndGlobalSection
	GlobalSection(ExtensibilityGlobals) = postSolution
		SolutionGuid = {2DB539A9-99B9-40A7-B602-7DF5F187CBE1}
	EndGlobalSection
EndGlobal
