
Microsoft Visual Studio Solution File, Format Version 12.00
# Visual Studio Version 17
VisualStudioVersion = 17.8.34525.116
MinimumVisualStudioVersion = 10.0.40219.1
Project("{9A19103F-16F7-4668-BE54-9A1E7A4F7556}") = "EF009.BasicSetup", "EF009.BasicSetup\EF009.BasicSetup.csproj", "{7C44A64C-9C95-4B47-8B44-A6E15F6272F8}"
EndProject
Project("{9A19103F-16F7-4668-BE54-9A1E7A4F7556}") = "EF009.ExcludeEntities", "EF009.ExcludeEntities\EF009.ExcludeEntities.csproj", "{585B0652-E910-483A-996F-23C9700A1EB3}"
EndProject
Project("{FAE04EC0-301F-11D3-BF4B-00C04F79EFBC}") = "EF009.IncludeEntities", "EF009.IncludeEntities\EF009.IncludeEntities.csproj", "{369AFCF0-545B-49CF-ADE1-0337B7DA1E5A}"
EndProject
Global
	GlobalSection(SolutionConfigurationPlatforms) = preSolution
		Debug|Any CPU = Debug|Any CPU
		Release|Any CPU = Release|Any CPU
	EndGlobalSection
	GlobalSection(ProjectConfigurationPlatforms) = postSolution
		{7C44A64C-9C95-4B47-8B44-A6E15F6272F8}.Debug|Any CPU.ActiveCfg = Debug|Any CPU
		{7C44A64C-9C95-4B47-8B44-A6E15F6272F8}.Debug|Any CPU.Build.0 = Debug|Any CPU
		{7C44A64C-9C95-4B47-8B44-A6E15F6272F8}.Release|Any CPU.ActiveCfg = Release|Any CPU
		{7C44A64C-9C95-4B47-8B44-A6E15F6272F8}.Release|Any CPU.Build.0 = Release|Any CPU
		{585B0652-E910-483A-996F-23C9700A1EB3}.Debug|Any CPU.ActiveCfg = Debug|Any CPU
		{585B0652-E910-483A-996F-23C9700A1EB3}.Debug|Any CPU.Build.0 = Debug|Any CPU
		{585B0652-E910-483A-996F-23C9700A1EB3}.Release|Any CPU.ActiveCfg = Release|Any CPU
		{585B0652-E910-483A-996F-23C9700A1EB3}.Release|Any CPU.Build.0 = Release|Any CPU
		{369AFCF0-545B-49CF-ADE1-0337B7DA1E5A}.Debug|Any CPU.ActiveCfg = Debug|Any CPU
		{369AFCF0-545B-49CF-ADE1-0337B7DA1E5A}.Debug|Any CPU.Build.0 = Debug|Any CPU
		{369AFCF0-545B-49CF-ADE1-0337B7DA1E5A}.Release|Any CPU.ActiveCfg = Release|Any CPU
		{369AFCF0-545B-49CF-ADE1-0337B7DA1E5A}.Release|Any CPU.Build.0 = Release|Any CPU
	EndGlobalSection
	GlobalSection(SolutionProperties) = preSolution
		HideSolutionNode = FALSE
	EndGlobalSection
	GlobalSection(ExtensibilityGlobals) = postSolution
		SolutionGuid = {6FF74ED6-90FF-44C8-87F6-92C065CDC0D7}
	EndGlobalSection
EndGlobal
